
Microsoft Visual Studio Solution File, Format Version 12.00
# Visual Studio 2012
Project("{FAE04EC0-301F-11D3-BF4B-00C04F79EFBC}") = "slimCat", "slimCat\slimCat.csproj", "{ACDCB02C-1404-4F4B-9ADF-BFA89883F0A9}"
EndProject
Global
	GlobalSection(SolutionConfigurationPlatforms) = preSolution
		Debug|Any CPU = Debug|Any CPU
		Release|Any CPU = Release|Any CPU
	EndGlobalSection
	GlobalSection(ProjectConfigurationPlatforms) = postSolution
		{ACDCB02C-1404-4F4B-9ADF-BFA89883F0A9}.Debug|Any CPU.ActiveCfg = Debug|Any CPU
		{ACDCB02C-1404-4F4B-9ADF-BFA89883F0A9}.Debug|Any CPU.Build.0 = Debug|Any CPU
		{ACDCB02C-1404-4F4B-9ADF-BFA89883F0A9}.Release|Any CPU.ActiveCfg = Release|Any CPU
		{ACDCB02C-1404-4F4B-9ADF-BFA89883F0A9}.Release|Any CPU.Build.0 = Release|Any CPU
	EndGlobalSection
	GlobalSection(SolutionProperties) = preSolution
		HideSolutionNode = FALSE
	EndGlobalSection
EndGlobal
